// !$*UTF8*$!
{
	archiveVersion = 1;
	classes = {
	};
	objectVersion = 46;
	objects = {

/* Begin PBXBuildFile section */
		5C7859FA1B4F33E900382C30 /* main.cpp in Sources */ = {isa = PBXBuildFile; fileRef = 5C7859F91B4F33E900382C30 /* main.cpp */; };
		5CDCF57F1B4F3D2A005E4829 /* main_menu.cpp in Sources */ = {isa = PBXBuildFile; fileRef = 5CDCF57E1B4F3D2A005E4829 /* main_menu.cpp */; };
		5CDCF5851B4FD825005E4829 /* agata.regular.ttf in Resources */ = {isa = PBXBuildFile; fileRef = 5CDCF5841B4FD825005E4829 /* agata.regular.ttf */; };
		5CDCF5881B4FD8D3005E4829 /* ResourcePath.mm in Sources */ = {isa = PBXBuildFile; fileRef = 5CDCF5871B4FD8D3005E4829 /* ResourcePath.mm */; };
		5CDCF58B1B544F31005E4829 /* main_game.cpp in Sources */ = {isa = PBXBuildFile; fileRef = 5CDCF58A1B544F31005E4829 /* main_game.cpp */; };
/* End PBXBuildFile section */

/* Begin PBXFileReference section */
		5C7859F11B4F33E900382C30 /* Ping.app */ = {isa = PBXFileReference; explicitFileType = wrapper.application; includeInIndex = 0; path = Ping.app; sourceTree = BUILT_PRODUCTS_DIR; };
		5C7859F51B4F33E900382C30 /* Ping-Info.plist */ = {isa = PBXFileReference; lastKnownFileType = text.plist.xml; path = "Ping-Info.plist"; sourceTree = "<group>"; };
		5C7859F91B4F33E900382C30 /* main.cpp */ = {isa = PBXFileReference; lastKnownFileType = sourcecode.cpp.cpp; path = main.cpp; sourceTree = "<group>"; };
		5CDCF57C1B4F3ABB005E4829 /* game_state.h */ = {isa = PBXFileReference; lastKnownFileType = sourcecode.c.h; path = game_state.h; sourceTree = "<group>"; };
		5CDCF57D1B4F3D11005E4829 /* main_menu.h */ = {isa = PBXFileReference; lastKnownFileType = sourcecode.c.h; path = main_menu.h; sourceTree = "<group>"; };
		5CDCF57E1B4F3D2A005E4829 /* main_menu.cpp */ = {isa = PBXFileReference; fileEncoding = 4; lastKnownFileType = sourcecode.cpp.cpp; path = main_menu.cpp; sourceTree = "<group>"; };
		5CDCF5841B4FD825005E4829 /* agata.regular.ttf */ = {isa = PBXFileReference; lastKnownFileType = file; path = agata.regular.ttf; sourceTree = "<group>"; };
		5CDCF5861B4FD8D3005E4829 /* ResourcePath.hpp */ = {isa = PBXFileReference; fileEncoding = 4; lastKnownFileType = sourcecode.cpp.h; path = ResourcePath.hpp; sourceTree = "<group>"; };
		5CDCF5871B4FD8D3005E4829 /* ResourcePath.mm */ = {isa = PBXFileReference; fileEncoding = 4; lastKnownFileType = sourcecode.cpp.objcpp; path = ResourcePath.mm; sourceTree = "<group>"; };
		5CDCF5891B544776005E4829 /* main_game.h */ = {isa = PBXFileReference; lastKnownFileType = sourcecode.c.h; path = main_game.h; sourceTree = "<group>"; };
		5CDCF58A1B544F31005E4829 /* main_game.cpp */ = {isa = PBXFileReference; fileEncoding = 4; lastKnownFileType = sourcecode.cpp.cpp; path = main_game.cpp; sourceTree = "<group>"; };
/* End PBXFileReference section */

/* Begin PBXFrameworksBuildPhase section */
		5C7859ED1B4F33E900382C30 /* Frameworks */ = {
			isa = PBXFrameworksBuildPhase;
			buildActionMask = 2147483647;
			files = (
			);
			runOnlyForDeploymentPostprocessing = 0;
		};
/* End PBXFrameworksBuildPhase section */

/* Begin PBXGroup section */
		5C7859E71B4F33E900382C30 = {
			isa = PBXGroup;
			children = (
				5C7859F31B4F33E900382C30 /* Ping */,
				5C7859F21B4F33E900382C30 /* Products */,
			);
			sourceTree = "<group>";
		};
		5C7859F21B4F33E900382C30 /* Products */ = {
			isa = PBXGroup;
			children = (
				5C7859F11B4F33E900382C30 /* Ping.app */,
			);
			name = Products;
			sourceTree = "<group>";
		};
		5C7859F31B4F33E900382C30 /* Ping */ = {
			isa = PBXGroup;
			children = (
				5C7859F91B4F33E900382C30 /* main.cpp */,
				5CDCF58F1B54511E005E4829 /* Source Files */,
				5CDCF58E1B5450F6005E4829 /* Header Files */,
				5CDCF5861B4FD8D3005E4829 /* ResourcePath.hpp */,
				5CDCF5871B4FD8D3005E4829 /* ResourcePath.mm */,
				5C7859FB1B4F33E900382C30 /* Resources */,
				5C7859F41B4F33E900382C30 /* Supporting Files */,
			);
			path = Ping;
			sourceTree = "<group>";
		};
		5C7859F41B4F33E900382C30 /* Supporting Files */ = {
			isa = PBXGroup;
			children = (
				5C7859F51B4F33E900382C30 /* Ping-Info.plist */,
			);
			name = "Supporting Files";
			sourceTree = "<group>";
		};
		5C7859FB1B4F33E900382C30 /* Resources */ = {
			isa = PBXGroup;
			children = (
				5CDCF5841B4FD825005E4829 /* agata.regular.ttf */,
			);
			name = Resources;
			sourceTree = "<group>";
		};
		5CDCF58C1B54508C005E4829 /* Core */ = {
			isa = PBXGroup;
			children = (
				5CDCF57C1B4F3ABB005E4829 /* game_state.h */,
			);
			name = Core;
			sourceTree = "<group>";
		};
		5CDCF58D1B5450A4005E4829 /* States */ = {
			isa = PBXGroup;
			children = (
				5CDCF57D1B4F3D11005E4829 /* main_menu.h */,
				5CDCF5891B544776005E4829 /* main_game.h */,
			);
			name = States;
			sourceTree = "<group>";
		};
		5CDCF58E1B5450F6005E4829 /* Header Files */ = {
			isa = PBXGroup;
			children = (
				5CDCF58C1B54508C005E4829 /* Core */,
				5CDCF58D1B5450A4005E4829 /* States */,
			);
			name = "Header Files";
			sourceTree = "<group>";
		};
		5CDCF58F1B54511E005E4829 /* Source Files */ = {
			isa = PBXGroup;
			children = (
				5CDCF58A1B544F31005E4829 /* main_game.cpp */,
				5CDCF57E1B4F3D2A005E4829 /* main_menu.cpp */,
			);
			name = "Source Files";
			sourceTree = "<group>";
		};
/* End PBXGroup section */

/* Begin PBXNativeTarget section */
		5C7859F01B4F33E900382C30 /* Ping */ = {
			isa = PBXNativeTarget;
			buildConfigurationList = 5C785A061B4F33E900382C30 /* Build configuration list for PBXNativeTarget "Ping" */;
			buildPhases = (
				5C7859EC1B4F33E900382C30 /* Sources */,
				5C7859ED1B4F33E900382C30 /* Frameworks */,
				5C7859EE1B4F33E900382C30 /* Resources */,
				5C7859EF1B4F33E900382C30 /* ShellScript */,
			);
			buildRules = (
			);
			dependencies = (
			);
			name = Ping;
			productName = Ping;
			productReference = 5C7859F11B4F33E900382C30 /* Ping.app */;
			productType = "com.apple.product-type.application";
		};
/* End PBXNativeTarget section */

/* Begin PBXProject section */
		5C7859E81B4F33E900382C30 /* Project object */ = {
			isa = PBXProject;
			attributes = {
				LastUpgradeCheck = 0630;
				ORGANIZATIONNAME = "Loren Colcol";
				TargetAttributes = {
					5C7859F01B4F33E900382C30 = {
						CreatedOnToolsVersion = 6.3.2;
					};
				};
			};
			buildConfigurationList = 5C7859EB1B4F33E900382C30 /* Build configuration list for PBXProject "Ping" */;
			compatibilityVersion = "Xcode 3.2";
			developmentRegion = English;
			hasScannedForEncodings = 0;
			knownRegions = (
				en,
			);
			mainGroup = 5C7859E71B4F33E900382C30;
			productRefGroup = 5C7859F21B4F33E900382C30 /* Products */;
			projectDirPath = "";
			projectRoot = "";
			targets = (
				5C7859F01B4F33E900382C30 /* Ping */,
			);
		};
/* End PBXProject section */

/* Begin PBXResourcesBuildPhase section */
		5C7859EE1B4F33E900382C30 /* Resources */ = {
			isa = PBXResourcesBuildPhase;
			buildActionMask = 2147483647;
			files = (
				5CDCF5851B4FD825005E4829 /* agata.regular.ttf in Resources */,
			);
			runOnlyForDeploymentPostprocessing = 0;
		};
/* End PBXResourcesBuildPhase section */

/* Begin PBXShellScriptBuildPhase section */
		5C7859EF1B4F33E900382C30 /* ShellScript */ = {
			isa = PBXShellScriptBuildPhase;
			buildActionMask = 2147483647;
			files = (
			);
			inputPaths = (
			);
			outputPaths = (
			);
			runOnlyForDeploymentPostprocessing = 0;
			shellPath = /bin/sh;
			shellScript = "# This shell script simply copies required SFML dylibs/frameworks into the application bundle frameworks folder.\n# If you're using static libraries (which is not recommended) you should remove this script from your project.\n\n# SETTINGS\nCMAKE_INSTALL_FRAMEWORK_PREFIX=\"/Library/Frameworks\"\nCMAKE_INSTALL_LIB_PREFIX=\"/usr/local/lib\"\nFRAMEWORKS_FULL_PATH=\"$BUILT_PRODUCTS_DIR/$FRAMEWORKS_FOLDER_PATH/\"\n\n# Are we building a project that uses frameworks or dylibs?\ncase \"$SFML_BINARY_TYPE\" in\n    DYLIBS)\n        frameworks=\"false\"\n        ;;\n    *)\n        frameworks=\"true\"\n        ;;\nesac\n\n# Echoes to stderr\nerror () # $* message to display\n{\n    echo $* 1>&2\n    exit 2\n}\n\nassert () # $1 is a boolean, $2...N is an error message\n{\n    if [ $# -lt 2 ]\n    then\n        error \"Internal error in assert: not enough args\"\n    fi\n\n    if [ $1 -ne 0 ]\n    then\n        shift\n        error \"$*\"\n    fi\n}\n\nforce_remove () # $@ is some paths\n{\n    test $# -ge 1\n    assert $? \"force_remove() requires at least one parameter\"\n    rm -fr $@\n    assert $? \"couldn't remove $@\"\n}\n\ncopy () # $1 is a source, $2 is a destination\n{\n    test $# -eq 2\n    assert $? \"copy() requires two parameters\"\n    ditto \"$1\" \"$2\"\n    assert $? \"couldn't copy $1 to $2\"\n}\n\nrequire () # $1 is a SFML module like 'system' or 'audio'\n{\n    dest=\"$BUILT_PRODUCTS_DIR/$FRAMEWORKS_FOLDER_PATH/\"\n\n    if [ -z \"$1\" ]\n    then\n        error \"require() requires one parameter!\"\n    else\n        # clean potentially old stuff\n        force_remove \"$dest/libsfml-$1\"*\n        force_remove \"$dest/sfml-$1.framework\"\n\n        # copy SFML libraries\n        if [ \"$frameworks\" = \"true\" ]\n        then\n            source=\"$CMAKE_INSTALL_FRAMEWORK_PREFIX/sfml-$1.framework\"\n            target=\"sfml-$1.framework\"\n        elif [ \"$SFML_LINK_DYLIBS_SUFFIX\" = \"-d\" ]\n        then\n            source=\"$CMAKE_INSTALL_LIB_PREFIX/libsfml-$1-d.dylib\"\n            target=\"`readlink $source`\"\n        else\n            source=\"$CMAKE_INSTALL_LIB_PREFIX/libsfml-$1.dylib\"\n            target=\"`readlink $source`\"\n        fi\n\n        copy \"$source\" \"$dest/$target\"\n\n        # copy extra dependencies\n        if [ \"$1\" = \"audio\" ]\n        then\n            # copy \"FLAC\" \"ogg\" \"vorbis\" \"vorbisenc\" \"vorbisfile\" \"OpenAL\" frameworks too\n            for f in \"FLAC\" \"ogg\" \"vorbis\" \"vorbisenc\" \"vorbisfile\" \"OpenAL\"\n            do\n                copy \"$CMAKE_INSTALL_FRAMEWORK_PREFIX/$f.framework\" \"$dest/$f.framework\"\n            done\n        elif [ \"$1\" = \"graphics\" ]\n        then\n            copy \"$CMAKE_INSTALL_FRAMEWORK_PREFIX/freetype.framework\" \"$dest/freetype.framework\"\n        fi\n    fi\n}\n\nif [ -n \"$SFML_SYSTEM\" ]\nthen\n    require \"system\"\nfi\n\nif [ -n \"$SFML_AUDIO\" ]\nthen\n    require \"audio\"\nfi\n\nif [ -n \"$SFML_NETWORK\" ]\nthen\n    require \"network\"\nfi\n\nif [ -n \"$SFML_WINDOW\" ]\nthen\n    require \"window\"\nfi\n\nif [ -n \"$SFML_GRAPHICS\" ]\nthen\n    require \"graphics\"\nfi\n\n                ";
		};
/* End PBXShellScriptBuildPhase section */

/* Begin PBXSourcesBuildPhase section */
		5C7859EC1B4F33E900382C30 /* Sources */ = {
			isa = PBXSourcesBuildPhase;
			buildActionMask = 2147483647;
			files = (
				5CDCF58B1B544F31005E4829 /* main_game.cpp in Sources */,
				5CDCF5881B4FD8D3005E4829 /* ResourcePath.mm in Sources */,
				5C7859FA1B4F33E900382C30 /* main.cpp in Sources */,
				5CDCF57F1B4F3D2A005E4829 /* main_menu.cpp in Sources */,
			);
			runOnlyForDeploymentPostprocessing = 0;
		};
/* End PBXSourcesBuildPhase section */

/* Begin XCBuildConfiguration section */
		5C785A041B4F33E900382C30 /* Debug */ = {
			isa = XCBuildConfiguration;
			buildSettings = {
				ARCHS = (
					i386,
					x86_64,
				);
				CLANG_CXX_LANGUAGE_STANDARD = "c++0x";
				CLANG_CXX_LIBRARY = "libc++";
				FRAMEWORK_SEARCH_PATHS = (
					/Library/Frameworks/,
					"$(inherited)",
				);
				GCC_VERSION = com.apple.compilers.llvm.clang.1_0;
				HEADER_SEARCH_PATHS = (
					/usr/local/include/,
					"$(inherited)",
				);
				LIBRARY_SEARCH_PATHS = (
					/usr/local/lib/,
					"$(inherited)",
				);
				MACOSX_DEPLOYMENT_TARGET = 10.7;
				OTHER_LDFLAGS = (
					"$(inherited)",
					"$(SFML_SYSTEM)",
					"$(SFML_WINDOW)",
					"$(SFML_GRAPHICS)",
					"$(SFML_AUDIO)",
					"$(SFML_NETWORK)",
				);
				SFML_AUDIO = "$(SFML_LINK_PREFIX) sfml-audio$(SFML_LINK_SUFFIX)";
				SFML_BINARY_TYPE = FRAMEWORKS;
				SFML_GRAPHICS = "$(SFML_LINK_PREFIX) sfml-graphics$(SFML_LINK_SUFFIX)";
				SFML_LINK_DYLIBS_PREFIX = "-l";
				SFML_LINK_DYLIBS_SUFFIX = "";
				SFML_LINK_FRAMEWORKS_PREFIX = "-framework";
				SFML_LINK_FRAMEWORKS_SUFFIX = "";
				SFML_LINK_PREFIX = "$(SFML_LINK_$(SFML_BINARY_TYPE)_PREFIX)";
				SFML_LINK_SUFFIX = "$(SFML_LINK_$(SFML_BINARY_TYPE)_SUFFIX)";
				SFML_NETWORK = "$(SFML_LINK_PREFIX) sfml-network$(SFML_LINK_SUFFIX)";
				SFML_SYSTEM = "$(SFML_LINK_PREFIX) sfml-system$(SFML_LINK_SUFFIX)";
				SFML_WINDOW = "$(SFML_LINK_PREFIX) sfml-window$(SFML_LINK_SUFFIX)";
				SUPPORTED_PLATFORMS = macosx;
			};
			name = Debug;
		};
		5C785A051B4F33E900382C30 /* Release */ = {
			isa = XCBuildConfiguration;
			buildSettings = {
				ARCHS = (
					i386,
					x86_64,
				);
				CLANG_CXX_LANGUAGE_STANDARD = "c++0x";
				CLANG_CXX_LIBRARY = "libc++";
				FRAMEWORK_SEARCH_PATHS = (
					/Library/Frameworks/,
					"$(inherited)",
				);
				GCC_VERSION = com.apple.compilers.llvm.clang.1_0;
				HEADER_SEARCH_PATHS = (
					/usr/local/include/,
					"$(inherited)",
				);
				LIBRARY_SEARCH_PATHS = (
					/usr/local/lib/,
					"$(inherited)",
				);
				MACOSX_DEPLOYMENT_TARGET = 10.7;
				OTHER_LDFLAGS = (
					"$(inherited)",
					"$(SFML_SYSTEM)",
					"$(SFML_WINDOW)",
					"$(SFML_GRAPHICS)",
					"$(SFML_AUDIO)",
					"$(SFML_NETWORK)",
				);
				SFML_AUDIO = "$(SFML_LINK_PREFIX) sfml-audio$(SFML_LINK_SUFFIX)";
				SFML_BINARY_TYPE = FRAMEWORKS;
				SFML_GRAPHICS = "$(SFML_LINK_PREFIX) sfml-graphics$(SFML_LINK_SUFFIX)";
				SFML_LINK_DYLIBS_PREFIX = "-l";
				SFML_LINK_DYLIBS_SUFFIX = "";
				SFML_LINK_FRAMEWORKS_PREFIX = "-framework";
				SFML_LINK_FRAMEWORKS_SUFFIX = "";
				SFML_LINK_PREFIX = "$(SFML_LINK_$(SFML_BINARY_TYPE)_PREFIX)";
				SFML_LINK_SUFFIX = "$(SFML_LINK_$(SFML_BINARY_TYPE)_SUFFIX)";
				SFML_NETWORK = "$(SFML_LINK_PREFIX) sfml-network$(SFML_LINK_SUFFIX)";
				SFML_SYSTEM = "$(SFML_LINK_PREFIX) sfml-system$(SFML_LINK_SUFFIX)";
				SFML_WINDOW = "$(SFML_LINK_PREFIX) sfml-window$(SFML_LINK_SUFFIX)";
				SUPPORTED_PLATFORMS = macosx;
			};
			name = Release;
		};
		5C785A071B4F33E900382C30 /* Debug */ = {
			isa = XCBuildConfiguration;
			buildSettings = {
				INFOPLIST_FILE = "Ping/Ping-Info.plist";
				LD_RUNPATH_SEARCH_PATHS = "@loader_path/../Frameworks";
				PRODUCT_NAME = "$(TARGET_NAME)";
			};
			name = Debug;
		};
		5C785A081B4F33E900382C30 /* Release */ = {
			isa = XCBuildConfiguration;
			buildSettings = {
				INFOPLIST_FILE = "Ping/Ping-Info.plist";
				LD_RUNPATH_SEARCH_PATHS = "@loader_path/../Frameworks";
				PRODUCT_NAME = "$(TARGET_NAME)";
			};
			name = Release;
		};
/* End XCBuildConfiguration section */

/* Begin XCConfigurationList section */
		5C7859EB1B4F33E900382C30 /* Build configuration list for PBXProject "Ping" */ = {
			isa = XCConfigurationList;
			buildConfigurations = (
				5C785A041B4F33E900382C30 /* Debug */,
				5C785A051B4F33E900382C30 /* Release */,
			);
			defaultConfigurationIsVisible = 0;
			defaultConfigurationName = Release;
		};
		5C785A061B4F33E900382C30 /* Build configuration list for PBXNativeTarget "Ping" */ = {
			isa = XCConfigurationList;
			buildConfigurations = (
				5C785A071B4F33E900382C30 /* Debug */,
				5C785A081B4F33E900382C30 /* Release */,
			);
			defaultConfigurationIsVisible = 0;
			defaultConfigurationName = Release;
		};
/* End XCConfigurationList section */
	};
	rootObject = 5C7859E81B4F33E900382C30 /* Project object */;
}
